
Microsoft Visual Studio Solution File, Format Version 12.00
# Visual Studio Version 17
VisualStudioVersion = 17.9.34723.18
MinimumVisualStudioVersion = 10.0.40219.1
Project("{FAE04EC0-301F-11D3-BF4B-00C04F79EFBC}") = "Service", "Service\Service.csproj", "{1BB92B9F-BEA4-4829-BC62-AE94027B2160}"
EndProject
Project("{FAE04EC0-301F-11D3-BF4B-00C04F79EFBC}") = "LogicaNegocio", "LogicaNegocio\LogicaNegocio.csproj", "{B217526F-D847-48AA-9118-0B7C12E74DFC}"
EndProject
Project("{FAE04EC0-301F-11D3-BF4B-00C04F79EFBC}") = "LogicaAplicacion", "LogicaAplicacion\LogicaAplicacion.csproj", "{094C8687-B0DC-4D3E-98AE-4EF1270F4DA4}"
EndProject
Project("{FAE04EC0-301F-11D3-BF4B-00C04F79EFBC}") = "AccesoDatos", "AccesoDatos\AccesoDatos.csproj", "{90C7B3E2-CE41-48E0-B001-27B7A8F2A006}"
EndProject
Project("{FAE04EC0-301F-11D3-BF4B-00C04F79EFBC}") = "Compartido", "Compartido\Compartido.csproj", "{5AADD944-F492-4361-9E4C-2AAE005A4F51}"
EndProject
Global
	GlobalSection(SolutionConfigurationPlatforms) = preSolution
		Debug|Any CPU = Debug|Any CPU
		Release|Any CPU = Release|Any CPU
	EndGlobalSection
	GlobalSection(ProjectConfigurationPlatforms) = postSolution
		{1BB92B9F-BEA4-4829-BC62-AE94027B2160}.Debug|Any CPU.ActiveCfg = Debug|Any CPU
		{1BB92B9F-BEA4-4829-BC62-AE94027B2160}.Debug|Any CPU.Build.0 = Debug|Any CPU
		{1BB92B9F-BEA4-4829-BC62-AE94027B2160}.Release|Any CPU.ActiveCfg = Release|Any CPU
		{1BB92B9F-BEA4-4829-BC62-AE94027B2160}.Release|Any CPU.Build.0 = Release|Any CPU
		{B217526F-D847-48AA-9118-0B7C12E74DFC}.Debug|Any CPU.ActiveCfg = Debug|Any CPU
		{B217526F-D847-48AA-9118-0B7C12E74DFC}.Debug|Any CPU.Build.0 = Debug|Any CPU
		{B217526F-D847-48AA-9118-0B7C12E74DFC}.Release|Any CPU.ActiveCfg = Release|Any CPU
		{B217526F-D847-48AA-9118-0B7C12E74DFC}.Release|Any CPU.Build.0 = Release|Any CPU
		{094C8687-B0DC-4D3E-98AE-4EF1270F4DA4}.Debug|Any CPU.ActiveCfg = Debug|Any CPU
		{094C8687-B0DC-4D3E-98AE-4EF1270F4DA4}.Debug|Any CPU.Build.0 = Debug|Any CPU
		{094C8687-B0DC-4D3E-98AE-4EF1270F4DA4}.Release|Any CPU.ActiveCfg = Release|Any CPU
		{094C8687-B0DC-4D3E-98AE-4EF1270F4DA4}.Release|Any CPU.Build.0 = Release|Any CPU
		{90C7B3E2-CE41-48E0-B001-27B7A8F2A006}.Debug|Any CPU.ActiveCfg = Debug|Any CPU
		{90C7B3E2-CE41-48E0-B001-27B7A8F2A006}.Debug|Any CPU.Build.0 = Debug|Any CPU
		{90C7B3E2-CE41-48E0-B001-27B7A8F2A006}.Release|Any CPU.ActiveCfg = Release|Any CPU
		{90C7B3E2-CE41-48E0-B001-27B7A8F2A006}.Release|Any CPU.Build.0 = Release|Any CPU
		{5AADD944-F492-4361-9E4C-2AAE005A4F51}.Debug|Any CPU.ActiveCfg = Debug|Any CPU
		{5AADD944-F492-4361-9E4C-2AAE005A4F51}.Debug|Any CPU.Build.0 = Debug|Any CPU
		{5AADD944-F492-4361-9E4C-2AAE005A4F51}.Release|Any CPU.ActiveCfg = Release|Any CPU
		{5AADD944-F492-4361-9E4C-2AAE005A4F51}.Release|Any CPU.Build.0 = Release|Any CPU
	EndGlobalSection
	GlobalSection(SolutionProperties) = preSolution
		HideSolutionNode = FALSE
	EndGlobalSection
	GlobalSection(ExtensibilityGlobals) = postSolution
		SolutionGuid = {F7CD8E74-9CC4-4FFA-9721-5C2CC6E78FBB}
	EndGlobalSection
EndGlobal
